
Microsoft Visual Studio Solution File, Format Version 12.00
# Visual Studio Version 17
VisualStudioVersion = 17.2.32516.85
MinimumVisualStudioVersion = 10.0.40219.1
Project("{9A19103F-16F7-4668-BE54-9A1E7A4F7556}") = "Stochastics", "src\Stochastics\Stochastics.csproj", "{21BFCC57-FB37-4CD2-84EC-715523F55778}"
EndProject
Project("{2150E333-8FDC-42A3-9474-1A3956D46DE8}") = "Solution Items", "Solution Items", "{92614007-4E41-4307-99DF-EC877D94F812}"
	ProjectSection(SolutionItems) = preProject
		rulesets\StyleCop.ruleset = rulesets\StyleCop.ruleset
	EndProjectSection
EndProject
Project("{FAE04EC0-301F-11D3-BF4B-00C04F79EFBC}") = "RandomNumberGeneration", "src\RandomNumberGeneration\RandomNumberGeneration.csproj", "{3514E873-BF9E-4207-9DCB-7B555A5C692E}"
EndProject
Project("{2150E333-8FDC-42A3-9474-1A3956D46DE8}") = "Tests", "Tests", "{EF3E6E7F-0A3C-4260-8187-9BA7023DA7EB}"
EndProject
Project("{FAE04EC0-301F-11D3-BF4B-00C04F79EFBC}") = "Stochastics.Tests", "test\Stochastics.Tests\Stochastics.Tests.csproj", "{C3E5F3AB-BBDD-4D78-939F-4E7713895AF5}"
EndProject
Global
	GlobalSection(SolutionConfigurationPlatforms) = preSolution
		Debug|Any CPU = Debug|Any CPU
		Release|Any CPU = Release|Any CPU
	EndGlobalSection
	GlobalSection(ProjectConfigurationPlatforms) = postSolution
		{21BFCC57-FB37-4CD2-84EC-715523F55778}.Debug|Any CPU.ActiveCfg = Debug|Any CPU
		{21BFCC57-FB37-4CD2-84EC-715523F55778}.Debug|Any CPU.Build.0 = Debug|Any CPU
		{21BFCC57-FB37-4CD2-84EC-715523F55778}.Release|Any CPU.ActiveCfg = Release|Any CPU
		{21BFCC57-FB37-4CD2-84EC-715523F55778}.Release|Any CPU.Build.0 = Release|Any CPU
		{3514E873-BF9E-4207-9DCB-7B555A5C692E}.Debug|Any CPU.ActiveCfg = Debug|Any CPU
		{3514E873-BF9E-4207-9DCB-7B555A5C692E}.Debug|Any CPU.Build.0 = Debug|Any CPU
		{3514E873-BF9E-4207-9DCB-7B555A5C692E}.Release|Any CPU.ActiveCfg = Release|Any CPU
		{3514E873-BF9E-4207-9DCB-7B555A5C692E}.Release|Any CPU.Build.0 = Release|Any CPU
		{C3E5F3AB-BBDD-4D78-939F-4E7713895AF5}.Debug|Any CPU.ActiveCfg = Debug|Any CPU
		{C3E5F3AB-BBDD-4D78-939F-4E7713895AF5}.Debug|Any CPU.Build.0 = Debug|Any CPU
		{C3E5F3AB-BBDD-4D78-939F-4E7713895AF5}.Release|Any CPU.ActiveCfg = Release|Any CPU
		{C3E5F3AB-BBDD-4D78-939F-4E7713895AF5}.Release|Any CPU.Build.0 = Release|Any CPU
	EndGlobalSection
	GlobalSection(SolutionProperties) = preSolution
		HideSolutionNode = FALSE
	EndGlobalSection
	GlobalSection(NestedProjects) = preSolution
		{C3E5F3AB-BBDD-4D78-939F-4E7713895AF5} = {EF3E6E7F-0A3C-4260-8187-9BA7023DA7EB}
	EndGlobalSection
	GlobalSection(ExtensibilityGlobals) = postSolution
		SolutionGuid = {21188931-B0D5-4A2F-A737-A10F92E11C73}
	EndGlobalSection
EndGlobal
